Microsoft Visual Studio Solution File, Format Version 12.00
# Visual Studio Version 17
VisualStudioVersion = 17.13.35828.75
MinimumVisualStudioVersion = 10.0.40219.1
Project("{FAE04EC0-301F-11D3-BF4B-00C04F79EFBC}") = "Course_Work_OOP_Yeromenko", "Course_Work_OOP_Yeromenko\Course_Work_OOP_Yeromenko.csproj", "{C2B4EF4C-67B6-4043-B1C9-7AF8A981F55B}"
EndProject
Global
	GlobalSection(SolutionConfigurationPlatforms) = preSolution
		Debug|Any CPU = Debug|Any CPU
		Release|Any CPU = Release|Any CPU
	EndGlobalSection
	GlobalSection(ProjectConfigurationPlatforms) = postSolution
		{C2B4EF4C-67B6-4043-B1C9-7AF8A981F55B}.Debug|Any CPU.ActiveCfg = Debug|Any CPU
		{C2B4EF4C-67B6-4043-B1C9-7AF8A981F55B}.Debug|Any CPU.Build.0 = Debug|Any CPU
		{C2B4EF4C-67B6-4043-B1C9-7AF8A981F55B}.Release|Any CPU.ActiveCfg = Release|Any CPU
		{C2B4EF4C-67B6-4043-B1C9-7AF8A981F55B}.Release|Any CPU.Build.0 = Release|Any CPU
	EndGlobalSection
	GlobalSection(SolutionProperties) = preSolution
		HideSolutionNode = FALSE
	EndGlobalSection
	GlobalSection(ExtensibilityGlobals) = postSolution
		SolutionGuid = {A43F2056-BC6A-45A7-8FEE-862AB84E3CD9}
	EndGlobalSection
EndGlobal
